<?xml version="1.0" encoding="UTF-8" standalone="yes" ?>
<CodeBlocks_project_file>
	<FileVersion major="1" minor="6" />
	<Project>
		<Option title="Huffman_Project" />
		<Option pch_mode="2" />
		<Option compiler="gcc" />
		<Build>
			<Target title="Debug">
				<Option output="bin/Debug/Huffman_Project" prefix_auto="1" extension_auto="1" />
				<Option object_output="obj/Debug/" />
				<Option type="1" />
				<Option compiler="gcc" />
				<Compiler>
					<Add option="-g" />
				</Compiler>
			</Target>
			<Target title="Release">
				<Option output="bin/Release/Huffman_Project" prefix_auto="1" extension_auto="1" />
				<Option object_output="obj/Release/" />
				<Option type="1" />
				<Option compiler="gcc" />
				<Compiler>
					<Add option="-O2" />
				</Compiler>
				<Linker>
					<Add option="-s" />
				</Linker>
			</Target>
		</Build>
		<Compiler>
			<Add option="-Wall" />
		</Compiler>
		<Unit filename="arbre.c">
			<Option compilerVar="CC" />
		</Unit>
		<Unit filename="arbre.h">
			<Option compile="1" />
		</Unit>
		<Unit filename="binarypath.c">
			<Option compilerVar="CC" />
		</Unit>
		<Unit filename="binarypath.h">
			<Option compile="1" />
		</Unit>
		<Unit filename="compress.h" />
		<Unit filename="element.c">
			<Option compilerVar="CC" />
		</Unit>
		<Unit filename="element.h">
			<Option compile="1" />
		</Unit>
		<Unit filename="fic.c">
			<Option compilerVar="CC" />
		</Unit>
		<Unit filename="fic.h">
			<Option compile="1" />
		</Unit>
		<Unit filename="huffman.c">
			<Option compilerVar="CC" />
		</Unit>
		<Unit filename="huffman.h">
			<Option compile="1" />
		</Unit>
		<Unit filename="liste.c">
			<Option compilerVar="CC" />
		</Unit>
		<Unit filename="liste.h">
			<Option compile="1" />
		</Unit>
		<Unit filename="main.c">
			<Option compilerVar="CC" />
		</Unit>
		<Extensions>
			<code_completion />
			<envvars />
			<debugger />
		</Extensions>
	</Project>
</CodeBlocks_project_file>
